
Microsoft Visual Studio Solution File, Format Version 12.00
# Visual Studio Version 17
VisualStudioVersion = 17.11.35222.181
MinimumVisualStudioVersion = 10.0.40219.1
Project("{FAE04EC0-301F-11D3-BF4B-00C04F79EFBC}") = "MPU6050Test", "MPU6050Test.csproj", "{6A609356-0A62-4C66-AAEC-318F3D842621}"
EndProject
Project("{FAE04EC0-301F-11D3-BF4B-00C04F79EFBC}") = "MPUTest6050.Service.Interface", "..\MPUTest6050.Service.Interface\MPUTest6050.Service.Interface.csproj", "{D7B0DE69-C0C0-4383-8232-D46E14DEA85C}"
EndProject
Project("{FAE04EC0-301F-11D3-BF4B-00C04F79EFBC}") = "MPU6050Test.Service", "..\MPU6050Test.Service\MPU6050Test.Service.csproj", "{44690612-E1DE-488C-967F-A53A7D8EB3B8}"
EndProject
Global
	GlobalSection(SolutionConfigurationPlatforms) = preSolution
		Debug|Any CPU = Debug|Any CPU
		Release|Any CPU = Release|Any CPU
	EndGlobalSection
	GlobalSection(ProjectConfigurationPlatforms) = postSolution
		{6A609356-0A62-4C66-AAEC-318F3D842621}.Debug|Any CPU.ActiveCfg = Debug|Any CPU
		{6A609356-0A62-4C66-AAEC-318F3D842621}.Debug|Any CPU.Build.0 = Debug|Any CPU
		{6A609356-0A62-4C66-AAEC-318F3D842621}.Release|Any CPU.ActiveCfg = Release|Any CPU
		{6A609356-0A62-4C66-AAEC-318F3D842621}.Release|Any CPU.Build.0 = Release|Any CPU
		{D7B0DE69-C0C0-4383-8232-D46E14DEA85C}.Debug|Any CPU.ActiveCfg = Debug|Any CPU
		{D7B0DE69-C0C0-4383-8232-D46E14DEA85C}.Debug|Any CPU.Build.0 = Debug|Any CPU
		{D7B0DE69-C0C0-4383-8232-D46E14DEA85C}.Release|Any CPU.ActiveCfg = Release|Any CPU
		{D7B0DE69-C0C0-4383-8232-D46E14DEA85C}.Release|Any CPU.Build.0 = Release|Any CPU
		{44690612-E1DE-488C-967F-A53A7D8EB3B8}.Debug|Any CPU.ActiveCfg = Debug|Any CPU
		{44690612-E1DE-488C-967F-A53A7D8EB3B8}.Debug|Any CPU.Build.0 = Debug|Any CPU
		{44690612-E1DE-488C-967F-A53A7D8EB3B8}.Release|Any CPU.ActiveCfg = Release|Any CPU
		{44690612-E1DE-488C-967F-A53A7D8EB3B8}.Release|Any CPU.Build.0 = Release|Any CPU
	EndGlobalSection
	GlobalSection(SolutionProperties) = preSolution
		HideSolutionNode = FALSE
	EndGlobalSection
	GlobalSection(ExtensibilityGlobals) = postSolution
		SolutionGuid = {08AE146E-5BE6-4E68-8000-56E546A85DEC}
	EndGlobalSection
EndGlobal
